
Microsoft Visual Studio Solution File, Format Version 12.00
# Visual Studio 14
Project("{FAE04EC0-301F-11D3-BF4B-00C04F79EFBC}") = "Extension_Admin", "..\Tool-Extension-Admin\src\Extension_Admin.csproj", "{60D45DDF-9C7C-4CCC-87FC-D97B3B963972}"
EndProject
Project("{FAE04EC0-301F-11D3-BF4B-00C04F79EFBC}") = "Console", "..\Tool-Console\src\Console.csproj", "{94622035-D2F7-4287-91D4-9A8769888287}"
EndProject
Global
	GlobalSection(SolutionConfigurationPlatforms) = preSolution
		Debug|Any CPU = Debug|Any CPU
		Release|Any CPU = Release|Any CPU
	EndGlobalSection
	GlobalSection(ProjectConfigurationPlatforms) = postSolution
		{60D45DDF-9C7C-4CCC-87FC-D97B3B963972}.Debug|Any CPU.ActiveCfg = Debug|Any CPU
		{60D45DDF-9C7C-4CCC-87FC-D97B3B963972}.Debug|Any CPU.Build.0 = Debug|Any CPU
		{60D45DDF-9C7C-4CCC-87FC-D97B3B963972}.Release|Any CPU.ActiveCfg = Release|Any CPU
		{60D45DDF-9C7C-4CCC-87FC-D97B3B963972}.Release|Any CPU.Build.0 = Release|Any CPU
		{94622035-D2F7-4287-91D4-9A8769888287}.Debug|Any CPU.ActiveCfg = Debug|Any CPU
		{94622035-D2F7-4287-91D4-9A8769888287}.Debug|Any CPU.Build.0 = Debug|Any CPU
		{94622035-D2F7-4287-91D4-9A8769888287}.Release|Any CPU.ActiveCfg = Release|Any CPU
		{94622035-D2F7-4287-91D4-9A8769888287}.Release|Any CPU.Build.0 = Release|Any CPU
	EndGlobalSection
	GlobalSection(SolutionProperties) = preSolution
		HideSolutionNode = FALSE
	EndGlobalSection
EndGlobal
